# This file is automatically @generated by Cargo.
# It is not intended for manual editing.
version = 4

[[package]]
name = "cipher-api"
version = "0.1.0"

[[package]]
name = "cipher-cli"
version = "0.1.0"

[[package]]
name = "cipher-core"
version = "0.1.0"

[[package]]
name = "cipher-gui"
version = "0.1.0"

[[package]]
name = "cipher-resolver"
version = "0.1.0"

[[package]]
name = "cipher-server"
version = "0.1.0"
